
Microsoft Visual Studio Solution File, Format Version 12.00
# Visual Studio 15
VisualStudioVersion = 15.0.27703.2042
MinimumVisualStudioVersion = 10.0.40219.1
Project("{FAE04EC0-301F-11D3-BF4B-00C04F79EFBC}") = "Lab_02_ TransactionLines", "Lab_02_ TransactionLines\Lab_02_ TransactionLines.csproj", "{9EDCBD6C-99FD-4A81-8A7A-EC05776BDB07}"
EndProject
Global
	GlobalSection(SolutionConfigurationPlatforms) = preSolution
		Debug|Any CPU = Debug|Any CPU
		Release|Any CPU = Release|Any CPU
	EndGlobalSection
	GlobalSection(ProjectConfigurationPlatforms) = postSolution
		{9EDCBD6C-99FD-4A81-8A7A-EC05776BDB07}.Debug|Any CPU.ActiveCfg = Debug|Any CPU
		{9EDCBD6C-99FD-4A81-8A7A-EC05776BDB07}.Debug|Any CPU.Build.0 = Debug|Any CPU
		{9EDCBD6C-99FD-4A81-8A7A-EC05776BDB07}.Release|Any CPU.ActiveCfg = Release|Any CPU
		{9EDCBD6C-99FD-4A81-8A7A-EC05776BDB07}.Release|Any CPU.Build.0 = Release|Any CPU
	EndGlobalSection
	GlobalSection(SolutionProperties) = preSolution
		HideSolutionNode = FALSE
	EndGlobalSection
	GlobalSection(ExtensibilityGlobals) = postSolution
		SolutionGuid = {ED796945-9F74-4A9E-8201-6D8156311F07}
	EndGlobalSection
EndGlobal
