
Microsoft Visual Studio Solution File, Format Version 12.00
# Visual Studio 15
VisualStudioVersion = 15.0.27703.2042
MinimumVisualStudioVersion = 10.0.40219.1
Project("{FAE04EC0-301F-11D3-BF4B-00C04F79EFBC}") = "Lab_04_", "Lab_04_\Lab_04_.csproj", "{556AE930-A834-47A3-879D-35E212469B6C}"
EndProject
Global
	GlobalSection(SolutionConfigurationPlatforms) = preSolution
		Debug|Any CPU = Debug|Any CPU
		Release|Any CPU = Release|Any CPU
	EndGlobalSection
	GlobalSection(ProjectConfigurationPlatforms) = postSolution
		{556AE930-A834-47A3-879D-35E212469B6C}.Debug|Any CPU.ActiveCfg = Debug|Any CPU
		{556AE930-A834-47A3-879D-35E212469B6C}.Debug|Any CPU.Build.0 = Debug|Any CPU
		{556AE930-A834-47A3-879D-35E212469B6C}.Release|Any CPU.ActiveCfg = Release|Any CPU
		{556AE930-A834-47A3-879D-35E212469B6C}.Release|Any CPU.Build.0 = Release|Any CPU
	EndGlobalSection
	GlobalSection(SolutionProperties) = preSolution
		HideSolutionNode = FALSE
	EndGlobalSection
	GlobalSection(ExtensibilityGlobals) = postSolution
		SolutionGuid = {68D8DA72-76F0-4A14-8953-1E65460C2247}
	EndGlobalSection
EndGlobal
