
Microsoft Visual Studio Solution File, Format Version 12.00
# Visual Studio 15
VisualStudioVersion = 15.0.27703.2042
MinimumVisualStudioVersion = 10.0.40219.1
Project("{FAE04EC0-301F-11D3-BF4B-00C04F79EFBC}") = "Lab_03_AnimalSpecies_I", "Lab_03_AnimalSpecies_I\Lab_03_AnimalSpecies_I.csproj", "{99A12FC5-83D4-4180-8EA2-5A97ECA7532C}"
EndProject
Global
	GlobalSection(SolutionConfigurationPlatforms) = preSolution
		Debug|Any CPU = Debug|Any CPU
		Release|Any CPU = Release|Any CPU
	EndGlobalSection
	GlobalSection(ProjectConfigurationPlatforms) = postSolution
		{99A12FC5-83D4-4180-8EA2-5A97ECA7532C}.Debug|Any CPU.ActiveCfg = Debug|Any CPU
		{99A12FC5-83D4-4180-8EA2-5A97ECA7532C}.Debug|Any CPU.Build.0 = Debug|Any CPU
		{99A12FC5-83D4-4180-8EA2-5A97ECA7532C}.Release|Any CPU.ActiveCfg = Release|Any CPU
		{99A12FC5-83D4-4180-8EA2-5A97ECA7532C}.Release|Any CPU.Build.0 = Release|Any CPU
	EndGlobalSection
	GlobalSection(SolutionProperties) = preSolution
		HideSolutionNode = FALSE
	EndGlobalSection
	GlobalSection(ExtensibilityGlobals) = postSolution
		SolutionGuid = {BADAC1F9-0C36-4ED3-AA56-B475C4C185B0}
	EndGlobalSection
EndGlobal
